
Microsoft Visual Studio Solution File, Format Version 12.00
# Visual Studio Version 17
VisualStudioVersion = 17.9.34728.123
MinimumVisualStudioVersion = 10.0.40219.1
Project("{FAE04EC0-301F-11D3-BF4B-00C04F79EFBC}") = "TISM_Api", "TISM_Api.csproj", "{1FDFC108-ED99-42D1-A51C-F6FC78EDDACF}"
EndProject
Global
	GlobalSection(SolutionConfigurationPlatforms) = preSolution
		Debug|Any CPU = Debug|Any CPU
		Release|Any CPU = Release|Any CPU
	EndGlobalSection
	GlobalSection(ProjectConfigurationPlatforms) = postSolution
		{1FDFC108-ED99-42D1-A51C-F6FC78EDDACF}.Debug|Any CPU.ActiveCfg = Debug|Any CPU
		{1FDFC108-ED99-42D1-A51C-F6FC78EDDACF}.Debug|Any CPU.Build.0 = Debug|Any CPU
		{1FDFC108-ED99-42D1-A51C-F6FC78EDDACF}.Release|Any CPU.ActiveCfg = Release|Any CPU
		{1FDFC108-ED99-42D1-A51C-F6FC78EDDACF}.Release|Any CPU.Build.0 = Release|Any CPU
	EndGlobalSection
	GlobalSection(SolutionProperties) = preSolution
		HideSolutionNode = FALSE
	EndGlobalSection
	GlobalSection(ExtensibilityGlobals) = postSolution
		SolutionGuid = {DC26F92C-39F1-4D84-8469-B78589FC5C53}
	EndGlobalSection
EndGlobal
